
Microsoft Visual Studio Solution File, Format Version 12.00
# Visual Studio Version 17
VisualStudioVersion = 17.11.35222.181
MinimumVisualStudioVersion = 10.0.40219.1
Project("{FAE04EC0-301F-11D3-BF4B-00C04F79EFBC}") = "DinarkTaskOne", "DinarkTaskOne\DinarkTaskOne.csproj", "{9E1B5B5C-11D1-436F-AFDC-EB7709BE0C53}"
EndProject
Global
	GlobalSection(SolutionConfigurationPlatforms) = preSolution
		Debug|Any CPU = Debug|Any CPU
		Release|Any CPU = Release|Any CPU
	EndGlobalSection
	GlobalSection(ProjectConfigurationPlatforms) = postSolution
		{9E1B5B5C-11D1-436F-AFDC-EB7709BE0C53}.Debug|Any CPU.ActiveCfg = Debug|Any CPU
		{9E1B5B5C-11D1-436F-AFDC-EB7709BE0C53}.Debug|Any CPU.Build.0 = Debug|Any CPU
		{9E1B5B5C-11D1-436F-AFDC-EB7709BE0C53}.Release|Any CPU.ActiveCfg = Release|Any CPU
		{9E1B5B5C-11D1-436F-AFDC-EB7709BE0C53}.Release|Any CPU.Build.0 = Release|Any CPU
	EndGlobalSection
	GlobalSection(SolutionProperties) = preSolution
		HideSolutionNode = FALSE
	EndGlobalSection
	GlobalSection(ExtensibilityGlobals) = postSolution
		SolutionGuid = {0CAC1F15-92CA-4BA4-9230-A9143F1A726F}
	EndGlobalSection
EndGlobal
